
Microsoft Visual Studio Solution File, Format Version 12.00
# Visual Studio Version 16
VisualStudioVersion = 16.0.30611.23
MinimumVisualStudioVersion = 10.0.40219.1
Project("{FAE04EC0-301F-11D3-BF4B-00C04F79EFBC}") = "Math", "Math\Math.csproj", "{A869115B-4B5E-4BCA-9B64-EEA7F084F6AD}"
EndProject
Project("{FAE04EC0-301F-11D3-BF4B-00C04F79EFBC}") = "MathTest", "MathTest\MathTest.csproj", "{F9754AD4-3366-4A24-A6E9-B21512723E14}"
EndProject
Global
	GlobalSection(SolutionConfigurationPlatforms) = preSolution
		Debug|Any CPU = Debug|Any CPU
		Release|Any CPU = Release|Any CPU
	EndGlobalSection
	GlobalSection(ProjectConfigurationPlatforms) = postSolution
		{A869115B-4B5E-4BCA-9B64-EEA7F084F6AD}.Debug|Any CPU.ActiveCfg = Debug|Any CPU
		{A869115B-4B5E-4BCA-9B64-EEA7F084F6AD}.Debug|Any CPU.Build.0 = Debug|Any CPU
		{A869115B-4B5E-4BCA-9B64-EEA7F084F6AD}.Release|Any CPU.ActiveCfg = Release|Any CPU
		{A869115B-4B5E-4BCA-9B64-EEA7F084F6AD}.Release|Any CPU.Build.0 = Release|Any CPU
		{F9754AD4-3366-4A24-A6E9-B21512723E14}.Debug|Any CPU.ActiveCfg = Debug|Any CPU
		{F9754AD4-3366-4A24-A6E9-B21512723E14}.Debug|Any CPU.Build.0 = Debug|Any CPU
		{F9754AD4-3366-4A24-A6E9-B21512723E14}.Release|Any CPU.ActiveCfg = Release|Any CPU
		{F9754AD4-3366-4A24-A6E9-B21512723E14}.Release|Any CPU.Build.0 = Release|Any CPU
	EndGlobalSection
	GlobalSection(SolutionProperties) = preSolution
		HideSolutionNode = FALSE
	EndGlobalSection
	GlobalSection(ExtensibilityGlobals) = postSolution
		SolutionGuid = {901A5364-9611-4A5D-8F06-027DBCCADFE1}
	EndGlobalSection
EndGlobal
